
Microsoft Visual Studio Solution File, Format Version 12.00
# Visual Studio Version 17
VisualStudioVersion = 17.11.35312.102
MinimumVisualStudioVersion = 10.0.40219.1
Project("{FAE04EC0-301F-11D3-BF4B-00C04F79EFBC}") = "ProductStockApi", "ProductStock\ProductStockApi.csproj", "{9FD7866E-6052-49F7-B311-1D97B3C26884}"
EndProject
Project("{FAE04EC0-301F-11D3-BF4B-00C04F79EFBC}") = "ProductStockApi.Tests", "ProductStockApi.Tests\ProductStockApi.Tests.csproj", "{E7E1A6D6-1A6E-4D31-9A30-5B718766D3B4}"
EndProject
Global
	GlobalSection(SolutionConfigurationPlatforms) = preSolution
		Debug|Any CPU = Debug|Any CPU
		Release|Any CPU = Release|Any CPU
	EndGlobalSection
	GlobalSection(ProjectConfigurationPlatforms) = postSolution
		{9FD7866E-6052-49F7-B311-1D97B3C26884}.Debug|Any CPU.ActiveCfg = Debug|Any CPU
		{9FD7866E-6052-49F7-B311-1D97B3C26884}.Debug|Any CPU.Build.0 = Debug|Any CPU
		{9FD7866E-6052-49F7-B311-1D97B3C26884}.Release|Any CPU.ActiveCfg = Release|Any CPU
		{9FD7866E-6052-49F7-B311-1D97B3C26884}.Release|Any CPU.Build.0 = Release|Any CPU
		{E7E1A6D6-1A6E-4D31-9A30-5B718766D3B4}.Debug|Any CPU.ActiveCfg = Debug|Any CPU
		{E7E1A6D6-1A6E-4D31-9A30-5B718766D3B4}.Debug|Any CPU.Build.0 = Debug|Any CPU
		{E7E1A6D6-1A6E-4D31-9A30-5B718766D3B4}.Release|Any CPU.ActiveCfg = Release|Any CPU
		{E7E1A6D6-1A6E-4D31-9A30-5B718766D3B4}.Release|Any CPU.Build.0 = Release|Any CPU
	EndGlobalSection
	GlobalSection(SolutionProperties) = preSolution
		HideSolutionNode = FALSE
	EndGlobalSection
	GlobalSection(ExtensibilityGlobals) = postSolution
		SolutionGuid = {BDCEE8C0-CEAC-4901-803B-2F3882669BA6}
	EndGlobalSection
EndGlobal
